
Microsoft Visual Studio Solution File, Format Version 12.00
Project("{FAE04EC0-301F-11D3-BF4B-00C04F79EFBC}") = "ChatroomApp", "ChatroomApp\ChatroomApp.csproj", "{293023F1-D8D1-443C-B34B-71D57B20BA5B}"
EndProject
Global
	GlobalSection(SolutionConfigurationPlatforms) = preSolution
		Debug|Any CPU = Debug|Any CPU
		Release|Any CPU = Release|Any CPU
	EndGlobalSection
	GlobalSection(ProjectConfigurationPlatforms) = postSolution
		{293023F1-D8D1-443C-B34B-71D57B20BA5B}.Debug|Any CPU.ActiveCfg = Debug|Any CPU
		{293023F1-D8D1-443C-B34B-71D57B20BA5B}.Debug|Any CPU.Build.0 = Debug|Any CPU
		{293023F1-D8D1-443C-B34B-71D57B20BA5B}.Release|Any CPU.ActiveCfg = Release|Any CPU
		{293023F1-D8D1-443C-B34B-71D57B20BA5B}.Release|Any CPU.Build.0 = Release|Any CPU
	EndGlobalSection
EndGlobal
